// !$*UTF8*$!
{
	archiveVersion = 1;
	classes = {
	};
	objectVersion = 54;
	objects = {

/* Begin PBXBuildFile section */
		7637D04E2644AFBE00411185 /* TLLexer.swift in Sources */ = {isa = PBXBuildFile; fileRef = 7637D0432644AFBE00411185 /* TLLexer.swift */; };
		7637D04F2644AFBE00411185 /* TLListener.swift in Sources */ = {isa = PBXBuildFile; fileRef = 7637D0452644AFBE00411185 /* TLListener.swift */; };
		7637D0502644AFBE00411185 /* TLParserATN.swift in Sources */ = {isa = PBXBuildFile; fileRef = 7637D0462644AFBE00411185 /* TLParserATN.swift */; };
		7637D0512644AFBE00411185 /* TLParser.swift in Sources */ = {isa = PBXBuildFile; fileRef = 7637D0472644AFBE00411185 /* TLParser.swift */; };
		7637D0522644AFBE00411185 /* TLLexerATN.swift in Sources */ = {isa = PBXBuildFile; fileRef = 7637D0482644AFBE00411185 /* TLLexerATN.swift */; };
		7637D0532644AFBE00411185 /* TLBaseListener.swift in Sources */ = {isa = PBXBuildFile; fileRef = 7637D0492644AFBE00411185 /* TLBaseListener.swift */; };
		7637D0542644AFBE00411185 /* TLBaseVisitor.swift in Sources */ = {isa = PBXBuildFile; fileRef = 7637D04B2644AFBE00411185 /* TLBaseVisitor.swift */; };
		7637D0552644AFBE00411185 /* TLVisitor.swift in Sources */ = {isa = PBXBuildFile; fileRef = 7637D04C2644AFBE00411185 /* TLVisitor.swift */; };
		7637D0592644B02600411185 /* Antlr4.framework in Frameworks */ = {isa = PBXBuildFile; fileRef = 7637D03C2644AE7300411185 /* Antlr4.framework */; };
		7637D05B264540F100411185 /* EvalVisitor.swift in Sources */ = {isa = PBXBuildFile; fileRef = 7637D05A264540F100411185 /* EvalVisitor.swift */; };
		7637D05D2645418A00411185 /* TLValue.swift in Sources */ = {isa = PBXBuildFile; fileRef = 7637D05C2645418A00411185 /* TLValue.swift */; };
		7637D05F2645419C00411185 /* ReturnValue.swift in Sources */ = {isa = PBXBuildFile; fileRef = 7637D05E2645419C00411185 /* ReturnValue.swift */; };
		7637D061264541B600411185 /* Function.swift in Sources */ = {isa = PBXBuildFile; fileRef = 7637D060264541B600411185 /* Function.swift */; };
		7637D063264541C600411185 /* Scope.swift in Sources */ = {isa = PBXBuildFile; fileRef = 7637D062264541C600411185 /* Scope.swift */; };
		7637D0652645421200411185 /* BuildInFunction.swift in Sources */ = {isa = PBXBuildFile; fileRef = 7637D0642645421200411185 /* BuildInFunction.swift */; };
		7637D0672645488D00411185 /* TLError.swift in Sources */ = {isa = PBXBuildFile; fileRef = 7637D0662645488D00411185 /* TLError.swift */; };
		7678533926441EC700694BF6 /* main.swift in Sources */ = {isa = PBXBuildFile; fileRef = 7678533826441EC700694BF6 /* main.swift */; };
/* End PBXBuildFile section */

/* Begin PBXContainerItemProxy section */
		7637D03B2644AE7300411185 /* PBXContainerItemProxy */ = {
			isa = PBXContainerItemProxy;
			containerPortal = 7637D0342644AE7300411185 /* Antlr4.xcodeproj */;
			proxyType = 2;
			remoteGlobalIDString = "Antlr4::Antlr4::Product";
			remoteInfo = Antlr4;
		};
		7637D03D2644AE7300411185 /* PBXContainerItemProxy */ = {
			isa = PBXContainerItemProxy;
			containerPortal = 7637D0342644AE7300411185 /* Antlr4.xcodeproj */;
			proxyType = 2;
			remoteGlobalIDString = "Antlr4::Antlr4Tests::Product";
			remoteInfo = Antlr4Tests;
		};
		7637D0562644AFFD00411185 /* PBXContainerItemProxy */ = {
			isa = PBXContainerItemProxy;
			containerPortal = 7637D0342644AE7300411185 /* Antlr4.xcodeproj */;
			proxyType = 1;
			remoteGlobalIDString = "Antlr4::Antlr4";
			remoteInfo = Antlr4;
		};
/* End PBXContainerItemProxy section */

/* Begin PBXCopyFilesBuildPhase section */
		7678533326441EC700694BF6 /* CopyFiles */ = {
			isa = PBXCopyFilesBuildPhase;
			buildActionMask = 2147483647;
			dstPath = /usr/share/man/man1/;
			dstSubfolderSpec = 0;
			files = (
			);
			runOnlyForDeploymentPostprocessing = 1;
		};
/* End PBXCopyFilesBuildPhase section */

/* Begin PBXFileReference section */
		7637D0342644AE7300411185 /* Antlr4.xcodeproj */ = {isa = PBXFileReference; lastKnownFileType = "wrapper.pb-project"; name = Antlr4.xcodeproj; path = ../../../../antlr4/runtime/Swift/Antlr4.xcodeproj; sourceTree = "<group>"; };
		7637D0422644AFBE00411185 /* TLLexer.tokens */ = {isa = PBXFileReference; fileEncoding = 4; lastKnownFileType = text; path = TLLexer.tokens; sourceTree = "<group>"; };
		7637D0432644AFBE00411185 /* TLLexer.swift */ = {isa = PBXFileReference; fileEncoding = 4; lastKnownFileType = sourcecode.swift; path = TLLexer.swift; sourceTree = "<group>"; };
		7637D0442644AFBE00411185 /* TL.tokens */ = {isa = PBXFileReference; fileEncoding = 4; lastKnownFileType = text; path = TL.tokens; sourceTree = "<group>"; };
		7637D0452644AFBE00411185 /* TLListener.swift */ = {isa = PBXFileReference; fileEncoding = 4; lastKnownFileType = sourcecode.swift; path = TLListener.swift; sourceTree = "<group>"; };
		7637D0462644AFBE00411185 /* TLParserATN.swift */ = {isa = PBXFileReference; fileEncoding = 4; lastKnownFileType = sourcecode.swift; path = TLParserATN.swift; sourceTree = "<group>"; };
		7637D0472644AFBE00411185 /* TLParser.swift */ = {isa = PBXFileReference; fileEncoding = 4; lastKnownFileType = sourcecode.swift; path = TLParser.swift; sourceTree = "<group>"; };
		7637D0482644AFBE00411185 /* TLLexerATN.swift */ = {isa = PBXFileReference; fileEncoding = 4; lastKnownFileType = sourcecode.swift; path = TLLexerATN.swift; sourceTree = "<group>"; };
		7637D0492644AFBE00411185 /* TLBaseListener.swift */ = {isa = PBXFileReference; fileEncoding = 4; lastKnownFileType = sourcecode.swift; path = TLBaseListener.swift; sourceTree = "<group>"; };
		7637D04A2644AFBE00411185 /* TL.interp */ = {isa = PBXFileReference; fileEncoding = 4; lastKnownFileType = text; path = TL.interp; sourceTree = "<group>"; };
		7637D04B2644AFBE00411185 /* TLBaseVisitor.swift */ = {isa = PBXFileReference; fileEncoding = 4; lastKnownFileType = sourcecode.swift; path = TLBaseVisitor.swift; sourceTree = "<group>"; };
		7637D04C2644AFBE00411185 /* TLVisitor.swift */ = {isa = PBXFileReference; fileEncoding = 4; lastKnownFileType = sourcecode.swift; path = TLVisitor.swift; sourceTree = "<group>"; };
		7637D04D2644AFBE00411185 /* TLLexer.interp */ = {isa = PBXFileReference; fileEncoding = 4; lastKnownFileType = text; path = TLLexer.interp; sourceTree = "<group>"; };
		7637D05A264540F100411185 /* EvalVisitor.swift */ = {isa = PBXFileReference; fileEncoding = 4; lastKnownFileType = sourcecode.swift; path = EvalVisitor.swift; sourceTree = "<group>"; };
		7637D05C2645418A00411185 /* TLValue.swift */ = {isa = PBXFileReference; lastKnownFileType = sourcecode.swift; path = TLValue.swift; sourceTree = "<group>"; };
		7637D05E2645419C00411185 /* ReturnValue.swift */ = {isa = PBXFileReference; lastKnownFileType = sourcecode.swift; path = ReturnValue.swift; sourceTree = "<group>"; };
		7637D060264541B600411185 /* Function.swift */ = {isa = PBXFileReference; lastKnownFileType = sourcecode.swift; path = Function.swift; sourceTree = "<group>"; };
		7637D062264541C600411185 /* Scope.swift */ = {isa = PBXFileReference; lastKnownFileType = sourcecode.swift; path = Scope.swift; sourceTree = "<group>"; };
		7637D0642645421200411185 /* BuildInFunction.swift */ = {isa = PBXFileReference; lastKnownFileType = sourcecode.swift; path = BuildInFunction.swift; sourceTree = "<group>"; };
		7637D0662645488D00411185 /* TLError.swift */ = {isa = PBXFileReference; lastKnownFileType = sourcecode.swift; path = TLError.swift; sourceTree = "<group>"; };
		7678533526441EC700694BF6 /* tl */ = {isa = PBXFileReference; explicitFileType = "compiled.mach-o.executable"; includeInIndex = 0; path = tl; sourceTree = BUILT_PRODUCTS_DIR; };
		7678533826441EC700694BF6 /* main.swift */ = {isa = PBXFileReference; lastKnownFileType = sourcecode.swift; path = main.swift; sourceTree = "<group>"; };
/* End PBXFileReference section */

/* Begin PBXFrameworksBuildPhase section */
		7678533226441EC700694BF6 /* Frameworks */ = {
			isa = PBXFrameworksBuildPhase;
			buildActionMask = 2147483647;
			files = (
				7637D0592644B02600411185 /* Antlr4.framework in Frameworks */,
			);
			runOnlyForDeploymentPostprocessing = 0;
		};
/* End PBXFrameworksBuildPhase section */

/* Begin PBXGroup section */
		7637D0352644AE7300411185 /* Products */ = {
			isa = PBXGroup;
			children = (
				7637D03C2644AE7300411185 /* Antlr4.framework */,
				7637D03E2644AE7300411185 /* Antlr4Tests.xctest */,
			);
			name = Products;
			sourceTree = "<group>";
		};
		7637D0412644AFBE00411185 /* gen */ = {
			isa = PBXGroup;
			children = (
				7637D0422644AFBE00411185 /* TLLexer.tokens */,
				7637D0432644AFBE00411185 /* TLLexer.swift */,
				7637D0442644AFBE00411185 /* TL.tokens */,
				7637D0452644AFBE00411185 /* TLListener.swift */,
				7637D0462644AFBE00411185 /* TLParserATN.swift */,
				7637D0472644AFBE00411185 /* TLParser.swift */,
				7637D0482644AFBE00411185 /* TLLexerATN.swift */,
				7637D0492644AFBE00411185 /* TLBaseListener.swift */,
				7637D04A2644AFBE00411185 /* TL.interp */,
				7637D04B2644AFBE00411185 /* TLBaseVisitor.swift */,
				7637D04C2644AFBE00411185 /* TLVisitor.swift */,
				7637D04D2644AFBE00411185 /* TLLexer.interp */,
			);
			path = gen;
			sourceTree = SOURCE_ROOT;
		};
		7637D0582644B02600411185 /* Frameworks */ = {
			isa = PBXGroup;
			children = (
			);
			name = Frameworks;
			sourceTree = "<group>";
		};
		7678532C26441EC700694BF6 = {
			isa = PBXGroup;
			children = (
				7637D0342644AE7300411185 /* Antlr4.xcodeproj */,
				7678533726441EC700694BF6 /* tl */,
				7678533626441EC700694BF6 /* Products */,
				7637D0582644B02600411185 /* Frameworks */,
			);
			sourceTree = "<group>";
		};
		7678533626441EC700694BF6 /* Products */ = {
			isa = PBXGroup;
			children = (
				7678533526441EC700694BF6 /* tl */,
			);
			name = Products;
			sourceTree = "<group>";
		};
		7678533726441EC700694BF6 /* tl */ = {
			isa = PBXGroup;
			children = (
				7637D05A264540F100411185 /* EvalVisitor.swift */,
				7637D0412644AFBE00411185 /* gen */,
				7678533826441EC700694BF6 /* main.swift */,
				7637D05C2645418A00411185 /* TLValue.swift */,
				7637D05E2645419C00411185 /* ReturnValue.swift */,
				7637D060264541B600411185 /* Function.swift */,
				7637D062264541C600411185 /* Scope.swift */,
				7637D0642645421200411185 /* BuildInFunction.swift */,
				7637D0662645488D00411185 /* TLError.swift */,
			);
			path = tl;
			sourceTree = "<group>";
		};
/* End PBXGroup section */

/* Begin PBXNativeTarget section */
		7678533426441EC700694BF6 /* tl */ = {
			isa = PBXNativeTarget;
			buildConfigurationList = 7678533C26441EC700694BF6 /* Build configuration list for PBXNativeTarget "tl" */;
			buildPhases = (
				7678533126441EC700694BF6 /* Sources */,
				7678533226441EC700694BF6 /* Frameworks */,
				7678533326441EC700694BF6 /* CopyFiles */,
			);
			buildRules = (
			);
			dependencies = (
				7637D0572644AFFD00411185 /* PBXTargetDependency */,
			);
			name = tl;
			productName = tl;
			productReference = 7678533526441EC700694BF6 /* tl */;
			productType = "com.apple.product-type.tool";
		};
/* End PBXNativeTarget section */

/* Begin PBXProject section */
		7678532D26441EC700694BF6 /* Project object */ = {
			isa = PBXProject;
			attributes = {
				LastSwiftUpdateCheck = 1250;
				LastUpgradeCheck = 1250;
				TargetAttributes = {
					7678533426441EC700694BF6 = {
						CreatedOnToolsVersion = 12.5;
					};
				};
			};
			buildConfigurationList = 7678533026441EC700694BF6 /* Build configuration list for PBXProject "tl" */;
			compatibilityVersion = "Xcode 12.0";
			developmentRegion = en;
			hasScannedForEncodings = 0;
			knownRegions = (
				en,
				Base,
			);
			mainGroup = 7678532C26441EC700694BF6;
			productRefGroup = 7678533626441EC700694BF6 /* Products */;
			projectDirPath = "";
			projectReferences = (
				{
					ProductGroup = 7637D0352644AE7300411185 /* Products */;
					ProjectRef = 7637D0342644AE7300411185 /* Antlr4.xcodeproj */;
				},
			);
			projectRoot = "";
			targets = (
				7678533426441EC700694BF6 /* tl */,
			);
		};
/* End PBXProject section */

/* Begin PBXReferenceProxy section */
		7637D03C2644AE7300411185 /* Antlr4.framework */ = {
			isa = PBXReferenceProxy;
			fileType = wrapper.framework;
			path = Antlr4.framework;
			remoteRef = 7637D03B2644AE7300411185 /* PBXContainerItemProxy */;
			sourceTree = BUILT_PRODUCTS_DIR;
		};
		7637D03E2644AE7300411185 /* Antlr4Tests.xctest */ = {
			isa = PBXReferenceProxy;
			fileType = file;
			path = Antlr4Tests.xctest;
			remoteRef = 7637D03D2644AE7300411185 /* PBXContainerItemProxy */;
			sourceTree = BUILT_PRODUCTS_DIR;
		};
/* End PBXReferenceProxy section */

/* Begin PBXSourcesBuildPhase section */
		7678533126441EC700694BF6 /* Sources */ = {
			isa = PBXSourcesBuildPhase;
			buildActionMask = 2147483647;
			files = (
				7637D0552644AFBE00411185 /* TLVisitor.swift in Sources */,
				7637D0532644AFBE00411185 /* TLBaseListener.swift in Sources */,
				7637D0672645488D00411185 /* TLError.swift in Sources */,
				7637D061264541B600411185 /* Function.swift in Sources */,
				7637D0652645421200411185 /* BuildInFunction.swift in Sources */,
				7637D05B264540F100411185 /* EvalVisitor.swift in Sources */,
				7637D0512644AFBE00411185 /* TLParser.swift in Sources */,
				7637D05D2645418A00411185 /* TLValue.swift in Sources */,
				7637D05F2645419C00411185 /* ReturnValue.swift in Sources */,
				7678533926441EC700694BF6 /* main.swift in Sources */,
				7637D063264541C600411185 /* Scope.swift in Sources */,
				7637D0542644AFBE00411185 /* TLBaseVisitor.swift in Sources */,
				7637D0522644AFBE00411185 /* TLLexerATN.swift in Sources */,
				7637D0502644AFBE00411185 /* TLParserATN.swift in Sources */,
				7637D04F2644AFBE00411185 /* TLListener.swift in Sources */,
				7637D04E2644AFBE00411185 /* TLLexer.swift in Sources */,
			);
			runOnlyForDeploymentPostprocessing = 0;
		};
/* End PBXSourcesBuildPhase section */

/* Begin PBXTargetDependency section */
		7637D0572644AFFD00411185 /* PBXTargetDependency */ = {
			isa = PBXTargetDependency;
			name = Antlr4;
			targetProxy = 7637D0562644AFFD00411185 /* PBXContainerItemProxy */;
		};
/* End PBXTargetDependency section */

/* Begin XCBuildConfiguration section */
		7678533A26441EC700694BF6 /* Debug */ = {
			isa = XCBuildConfiguration;
			buildSettings = {
				ALWAYS_SEARCH_USER_PATHS = NO;
				CLANG_ANALYZER_NONNULL = YES;
				CLANG_ANALYZER_NUMBER_OBJECT_CONVERSION = YES_AGGRESSIVE;
				CLANG_CXX_LANGUAGE_STANDARD = "gnu++14";
				CLANG_CXX_LIBRARY = "libc++";
				CLANG_ENABLE_MODULES = YES;
				CLANG_ENABLE_OBJC_ARC = YES;
				CLANG_ENABLE_OBJC_WEAK = YES;
				CLANG_WARN_BLOCK_CAPTURE_AUTORELEASING = YES;
				CLANG_WARN_BOOL_CONVERSION = YES;
				CLANG_WARN_COMMA = YES;
				CLANG_WARN_CONSTANT_CONVERSION = YES;
				CLANG_WARN_DEPRECATED_OBJC_IMPLEMENTATIONS = YES;
				CLANG_WARN_DIRECT_OBJC_ISA_USAGE = YES_ERROR;
				CLANG_WARN_DOCUMENTATION_COMMENTS = YES;
				CLANG_WARN_EMPTY_BODY = YES;
				CLANG_WARN_ENUM_CONVERSION = YES;
				CLANG_WARN_INFINITE_RECURSION = YES;
				CLANG_WARN_INT_CONVERSION = YES;
				CLANG_WARN_NON_LITERAL_NULL_CONVERSION = YES;
				CLANG_WARN_OBJC_IMPLICIT_RETAIN_SELF = YES;
				CLANG_WARN_OBJC_LITERAL_CONVERSION = YES;
				CLANG_WARN_OBJC_ROOT_CLASS = YES_ERROR;
				CLANG_WARN_QUOTED_INCLUDE_IN_FRAMEWORK_HEADER = YES;
				CLANG_WARN_RANGE_LOOP_ANALYSIS = YES;
				CLANG_WARN_STRICT_PROTOTYPES = YES;
				CLANG_WARN_SUSPICIOUS_MOVE = YES;
				CLANG_WARN_UNGUARDED_AVAILABILITY = YES_AGGRESSIVE;
				CLANG_WARN_UNREACHABLE_CODE = YES;
				CLANG_WARN__DUPLICATE_METHOD_MATCH = YES;
				COPY_PHASE_STRIP = NO;
				DEBUG_INFORMATION_FORMAT = dwarf;
				ENABLE_STRICT_OBJC_MSGSEND = YES;
				ENABLE_TESTABILITY = YES;
				GCC_C_LANGUAGE_STANDARD = gnu11;
				GCC_DYNAMIC_NO_PIC = NO;
				GCC_NO_COMMON_BLOCKS = YES;
				GCC_OPTIMIZATION_LEVEL = 0;
				GCC_PREPROCESSOR_DEFINITIONS = (
					"DEBUG=1",
					"$(inherited)",
				);
				GCC_WARN_64_TO_32_BIT_CONVERSION = YES;
				GCC_WARN_ABOUT_RETURN_TYPE = YES_ERROR;
				GCC_WARN_UNDECLARED_SELECTOR = YES;
				GCC_WARN_UNINITIALIZED_AUTOS = YES_AGGRESSIVE;
				GCC_WARN_UNUSED_FUNCTION = YES;
				GCC_WARN_UNUSED_VARIABLE = YES;
				MACOSX_DEPLOYMENT_TARGET = 11.3;
				MTL_ENABLE_DEBUG_INFO = INCLUDE_SOURCE;
				MTL_FAST_MATH = YES;
				ONLY_ACTIVE_ARCH = YES;
				SDKROOT = macosx;
				SWIFT_ACTIVE_COMPILATION_CONDITIONS = DEBUG;
				SWIFT_OPTIMIZATION_LEVEL = "-Onone";
			};
			name = Debug;
		};
		7678533B26441EC700694BF6 /* Release */ = {
			isa = XCBuildConfiguration;
			buildSettings = {
				ALWAYS_SEARCH_USER_PATHS = NO;
				CLANG_ANALYZER_NONNULL = YES;
				CLANG_ANALYZER_NUMBER_OBJECT_CONVERSION = YES_AGGRESSIVE;
				CLANG_CXX_LANGUAGE_STANDARD = "gnu++14";
				CLANG_CXX_LIBRARY = "libc++";
				CLANG_ENABLE_MODULES = YES;
				CLANG_ENABLE_OBJC_ARC = YES;
				CLANG_ENABLE_OBJC_WEAK = YES;
				CLANG_WARN_BLOCK_CAPTURE_AUTORELEASING = YES;
				CLANG_WARN_BOOL_CONVERSION = YES;
				CLANG_WARN_COMMA = YES;
				CLANG_WARN_CONSTANT_CONVERSION = YES;
				CLANG_WARN_DEPRECATED_OBJC_IMPLEMENTATIONS = YES;
				CLANG_WARN_DIRECT_OBJC_ISA_USAGE = YES_ERROR;
				CLANG_WARN_DOCUMENTATION_COMMENTS = YES;
				CLANG_WARN_EMPTY_BODY = YES;
				CLANG_WARN_ENUM_CONVERSION = YES;
				CLANG_WARN_INFINITE_RECURSION = YES;
				CLANG_WARN_INT_CONVERSION = YES;
				CLANG_WARN_NON_LITERAL_NULL_CONVERSION = YES;
				CLANG_WARN_OBJC_IMPLICIT_RETAIN_SELF = YES;
				CLANG_WARN_OBJC_LITERAL_CONVERSION = YES;
				CLANG_WARN_OBJC_ROOT_CLASS = YES_ERROR;
				CLANG_WARN_QUOTED_INCLUDE_IN_FRAMEWORK_HEADER = YES;
				CLANG_WARN_RANGE_LOOP_ANALYSIS = YES;
				CLANG_WARN_STRICT_PROTOTYPES = YES;
				CLANG_WARN_SUSPICIOUS_MOVE = YES;
				CLANG_WARN_UNGUARDED_AVAILABILITY = YES_AGGRESSIVE;
				CLANG_WARN_UNREACHABLE_CODE = YES;
				CLANG_WARN__DUPLICATE_METHOD_MATCH = YES;
				COPY_PHASE_STRIP = NO;
				DEBUG_INFORMATION_FORMAT = "dwarf-with-dsym";
				ENABLE_NS_ASSERTIONS = NO;
				ENABLE_STRICT_OBJC_MSGSEND = YES;
				GCC_C_LANGUAGE_STANDARD = gnu11;
				GCC_NO_COMMON_BLOCKS = YES;
				GCC_WARN_64_TO_32_BIT_CONVERSION = YES;
				GCC_WARN_ABOUT_RETURN_TYPE = YES_ERROR;
				GCC_WARN_UNDECLARED_SELECTOR = YES;
				GCC_WARN_UNINITIALIZED_AUTOS = YES_AGGRESSIVE;
				GCC_WARN_UNUSED_FUNCTION = YES;
				GCC_WARN_UNUSED_VARIABLE = YES;
				MACOSX_DEPLOYMENT_TARGET = 11.3;
				MTL_ENABLE_DEBUG_INFO = NO;
				MTL_FAST_MATH = YES;
				SDKROOT = macosx;
				SWIFT_COMPILATION_MODE = wholemodule;
				SWIFT_OPTIMIZATION_LEVEL = "-O";
			};
			name = Release;
		};
		7678533D26441EC700694BF6 /* Debug */ = {
			isa = XCBuildConfiguration;
			buildSettings = {
				CODE_SIGN_STYLE = Automatic;
				PRODUCT_NAME = "$(TARGET_NAME)";
				SWIFT_VERSION = 5.0;
			};
			name = Debug;
		};
		7678533E26441EC700694BF6 /* Release */ = {
			isa = XCBuildConfiguration;
			buildSettings = {
				CODE_SIGN_STYLE = Automatic;
				PRODUCT_NAME = "$(TARGET_NAME)";
				SWIFT_VERSION = 5.0;
			};
			name = Release;
		};
/* End XCBuildConfiguration section */

/* Begin XCConfigurationList section */
		7678533026441EC700694BF6 /* Build configuration list for PBXProject "tl" */ = {
			isa = XCConfigurationList;
			buildConfigurations = (
				7678533A26441EC700694BF6 /* Debug */,
				7678533B26441EC700694BF6 /* Release */,
			);
			defaultConfigurationIsVisible = 0;
			defaultConfigurationName = Release;
		};
		7678533C26441EC700694BF6 /* Build configuration list for PBXNativeTarget "tl" */ = {
			isa = XCConfigurationList;
			buildConfigurations = (
				7678533D26441EC700694BF6 /* Debug */,
				7678533E26441EC700694BF6 /* Release */,
			);
			defaultConfigurationIsVisible = 0;
			defaultConfigurationName = Release;
		};
/* End XCConfigurationList section */
	};
	rootObject = 7678532D26441EC700694BF6 /* Project object */;
}
